
Microsoft Visual Studio Solution File, Format Version 12.00
# Visual Studio Version 17
VisualStudioVersion = 17.1.32421.90
MinimumVisualStudioVersion = 10.0.40219.1
Project("{FAE04EC0-301F-11D3-BF4B-00C04F79EFBC}") = "BinarySerialization", "BinarySerialization\BinarySerialization.csproj", "{6EFE9D53-D1B0-4B59-971B-F5797FA8B043}"
EndProject
Project("{FAE04EC0-301F-11D3-BF4B-00C04F79EFBC}") = "Models", "Models\Models.csproj", "{2AC2B519-9A43-42C8-BB65-F6D2E67CD64E}"
EndProject
Project("{FAE04EC0-301F-11D3-BF4B-00C04F79EFBC}") = "JsonSerialization", "JsonSerialization\JsonSerialization.csproj", "{538FD11E-5CD5-4864-A8CF-7F1D95F3A3CD}"
EndProject
Project("{FAE04EC0-301F-11D3-BF4B-00C04F79EFBC}") = "XmlSerialization", "XmlSerialization\XmlSerialization.csproj", "{DED6D496-1062-4B2B-BAB2-37F31FD70FF6}"
EndProject
Project("{FAE04EC0-301F-11D3-BF4B-00C04F79EFBC}") = "CustomBinarySerialization", "CustomBinarySerialization\CustomBinarySerialization.csproj", "{A1186005-C070-44C3-852C-6D2436FD6B8A}"
EndProject
Global
	GlobalSection(SolutionConfigurationPlatforms) = preSolution
		Debug|Any CPU = Debug|Any CPU
		Release|Any CPU = Release|Any CPU
	EndGlobalSection
	GlobalSection(ProjectConfigurationPlatforms) = postSolution
		{6EFE9D53-D1B0-4B59-971B-F5797FA8B043}.Debug|Any CPU.ActiveCfg = Debug|Any CPU
		{6EFE9D53-D1B0-4B59-971B-F5797FA8B043}.Debug|Any CPU.Build.0 = Debug|Any CPU
		{6EFE9D53-D1B0-4B59-971B-F5797FA8B043}.Release|Any CPU.ActiveCfg = Release|Any CPU
		{6EFE9D53-D1B0-4B59-971B-F5797FA8B043}.Release|Any CPU.Build.0 = Release|Any CPU
		{2AC2B519-9A43-42C8-BB65-F6D2E67CD64E}.Debug|Any CPU.ActiveCfg = Debug|Any CPU
		{2AC2B519-9A43-42C8-BB65-F6D2E67CD64E}.Debug|Any CPU.Build.0 = Debug|Any CPU
		{2AC2B519-9A43-42C8-BB65-F6D2E67CD64E}.Release|Any CPU.ActiveCfg = Release|Any CPU
		{2AC2B519-9A43-42C8-BB65-F6D2E67CD64E}.Release|Any CPU.Build.0 = Release|Any CPU
		{538FD11E-5CD5-4864-A8CF-7F1D95F3A3CD}.Debug|Any CPU.ActiveCfg = Debug|Any CPU
		{538FD11E-5CD5-4864-A8CF-7F1D95F3A3CD}.Debug|Any CPU.Build.0 = Debug|Any CPU
		{538FD11E-5CD5-4864-A8CF-7F1D95F3A3CD}.Release|Any CPU.ActiveCfg = Release|Any CPU
		{538FD11E-5CD5-4864-A8CF-7F1D95F3A3CD}.Release|Any CPU.Build.0 = Release|Any CPU
		{DED6D496-1062-4B2B-BAB2-37F31FD70FF6}.Debug|Any CPU.ActiveCfg = Debug|Any CPU
		{DED6D496-1062-4B2B-BAB2-37F31FD70FF6}.Debug|Any CPU.Build.0 = Debug|Any CPU
		{DED6D496-1062-4B2B-BAB2-37F31FD70FF6}.Release|Any CPU.ActiveCfg = Release|Any CPU
		{DED6D496-1062-4B2B-BAB2-37F31FD70FF6}.Release|Any CPU.Build.0 = Release|Any CPU
		{A1186005-C070-44C3-852C-6D2436FD6B8A}.Debug|Any CPU.ActiveCfg = Debug|Any CPU
		{A1186005-C070-44C3-852C-6D2436FD6B8A}.Debug|Any CPU.Build.0 = Debug|Any CPU
		{A1186005-C070-44C3-852C-6D2436FD6B8A}.Release|Any CPU.ActiveCfg = Release|Any CPU
		{A1186005-C070-44C3-852C-6D2436FD6B8A}.Release|Any CPU.Build.0 = Release|Any CPU
	EndGlobalSection
	GlobalSection(SolutionProperties) = preSolution
		HideSolutionNode = FALSE
	EndGlobalSection
	GlobalSection(ExtensibilityGlobals) = postSolution
		SolutionGuid = {743D119F-8BAA-4399-A908-EA7CE1FCAB95}
	EndGlobalSection
EndGlobal
